// !$*UTF8*$!
{
	archiveVersion = 1;
	classes = {
	};
	objectVersion = 46;
	objects = {

/* Begin PBXBuildFile section */
		8A1FA5E11D9F7FC400545AF9 /* AppDelegate.swift in Sources */ = {isa = PBXBuildFile; fileRef = 8A1FA5E01D9F7FC400545AF9 /* AppDelegate.swift */; };
		8A1FA5E31D9F7FC400545AF9 /* MainVC.swift in Sources */ = {isa = PBXBuildFile; fileRef = 8A1FA5E21D9F7FC400545AF9 /* MainVC.swift */; };
		8A1FA5E61D9F7FC400545AF9 /* Main.storyboard in Resources */ = {isa = PBXBuildFile; fileRef = 8A1FA5E41D9F7FC400545AF9 /* Main.storyboard */; };
		8A1FA5E81D9F7FC400545AF9 /* Assets.xcassets in Resources */ = {isa = PBXBuildFile; fileRef = 8A1FA5E71D9F7FC400545AF9 /* Assets.xcassets */; };
		8A1FA5EB1D9F7FC400545AF9 /* LaunchScreen.storyboard in Resources */ = {isa = PBXBuildFile; fileRef = 8A1FA5E91D9F7FC400545AF9 /* LaunchScreen.storyboard */; };
		8A1FA5F61D9F7FC400545AF9 /* MemeMe_1_0_The_Meme_EditorTests.swift in Sources */ = {isa = PBXBuildFile; fileRef = 8A1FA5F51D9F7FC400545AF9 /* MemeMe_1_0_The_Meme_EditorTests.swift */; };
		8A1FA6011D9F7FC400545AF9 /* MemeMe_1_0_The_Meme_EditorUITests.swift in Sources */ = {isa = PBXBuildFile; fileRef = 8A1FA6001D9F7FC400545AF9 /* MemeMe_1_0_The_Meme_EditorUITests.swift */; };
		8A67374C1DA030DD00418B38 /* Meme.swift in Sources */ = {isa = PBXBuildFile; fileRef = 8A67374B1DA030DD00418B38 /* Meme.swift */; };
		8A67374E1DA032E600418B38 /* TextFieldsDelegate.swift in Sources */ = {isa = PBXBuildFile; fileRef = 8A67374D1DA032E600418B38 /* TextFieldsDelegate.swift */; };
		8A6737501DA0347600418B38 /* MainVCExtension.swift in Sources */ = {isa = PBXBuildFile; fileRef = 8A67374F1DA0347600418B38 /* MainVCExtension.swift */; };
/* End PBXBuildFile section */

/* Begin PBXContainerItemProxy section */
		8A1FA5F21D9F7FC400545AF9 /* PBXContainerItemProxy */ = {
			isa = PBXContainerItemProxy;
			containerPortal = 8A1FA5D51D9F7FC400545AF9 /* Project object */;
			proxyType = 1;
			remoteGlobalIDString = 8A1FA5DC1D9F7FC400545AF9;
			remoteInfo = "MemeMe 1.0 The Meme Editor";
		};
		8A1FA5FD1D9F7FC400545AF9 /* PBXContainerItemProxy */ = {
			isa = PBXContainerItemProxy;
			containerPortal = 8A1FA5D51D9F7FC400545AF9 /* Project object */;
			proxyType = 1;
			remoteGlobalIDString = 8A1FA5DC1D9F7FC400545AF9;
			remoteInfo = "MemeMe 1.0 The Meme Editor";
		};
/* End PBXContainerItemProxy section */

/* Begin PBXFileReference section */
		8A1FA5DD1D9F7FC400545AF9 /* MemeMe 1.0 The Meme Editor.app */ = {isa = PBXFileReference; explicitFileType = wrapper.application; includeInIndex = 0; path = "MemeMe 1.0 The Meme Editor.app"; sourceTree = BUILT_PRODUCTS_DIR; };
		8A1FA5E01D9F7FC400545AF9 /* AppDelegate.swift */ = {isa = PBXFileReference; lastKnownFileType = sourcecode.swift; path = AppDelegate.swift; sourceTree = "<group>"; };
		8A1FA5E21D9F7FC400545AF9 /* MainVC.swift */ = {isa = PBXFileReference; lastKnownFileType = sourcecode.swift; path = MainVC.swift; sourceTree = "<group>"; };
		8A1FA5E51D9F7FC400545AF9 /* Base */ = {isa = PBXFileReference; lastKnownFileType = file.storyboard; name = Base; path = Base.lproj/Main.storyboard; sourceTree = "<group>"; };
		8A1FA5E71D9F7FC400545AF9 /* Assets.xcassets */ = {isa = PBXFileReference; lastKnownFileType = folder.assetcatalog; path = Assets.xcassets; sourceTree = "<group>"; };
		8A1FA5EA1D9F7FC400545AF9 /* Base */ = {isa = PBXFileReference; lastKnownFileType = file.storyboard; name = Base; path = Base.lproj/LaunchScreen.storyboard; sourceTree = "<group>"; };
		8A1FA5EC1D9F7FC400545AF9 /* Info.plist */ = {isa = PBXFileReference; lastKnownFileType = text.plist.xml; path = Info.plist; sourceTree = "<group>"; };
		8A1FA5F11D9F7FC400545AF9 /* MemeMe 1.0 The Meme EditorTests.xctest */ = {isa = PBXFileReference; explicitFileType = wrapper.cfbundle; includeInIndex = 0; path = "MemeMe 1.0 The Meme EditorTests.xctest"; sourceTree = BUILT_PRODUCTS_DIR; };
		8A1FA5F51D9F7FC400545AF9 /* MemeMe_1_0_The_Meme_EditorTests.swift */ = {isa = PBXFileReference; lastKnownFileType = sourcecode.swift; path = MemeMe_1_0_The_Meme_EditorTests.swift; sourceTree = "<group>"; };
		8A1FA5F71D9F7FC400545AF9 /* Info.plist */ = {isa = PBXFileReference; lastKnownFileType = text.plist.xml; path = Info.plist; sourceTree = "<group>"; };
		8A1FA5FC1D9F7FC400545AF9 /* MemeMe 1.0 The Meme EditorUITests.xctest */ = {isa = PBXFileReference; explicitFileType = wrapper.cfbundle; includeInIndex = 0; path = "MemeMe 1.0 The Meme EditorUITests.xctest"; sourceTree = BUILT_PRODUCTS_DIR; };
		8A1FA6001D9F7FC400545AF9 /* MemeMe_1_0_The_Meme_EditorUITests.swift */ = {isa = PBXFileReference; lastKnownFileType = sourcecode.swift; path = MemeMe_1_0_The_Meme_EditorUITests.swift; sourceTree = "<group>"; };
		8A1FA6021D9F7FC400545AF9 /* Info.plist */ = {isa = PBXFileReference; lastKnownFileType = text.plist.xml; path = Info.plist; sourceTree = "<group>"; };
		8A67374B1DA030DD00418B38 /* Meme.swift */ = {isa = PBXFileReference; fileEncoding = 4; lastKnownFileType = sourcecode.swift; path = Meme.swift; sourceTree = "<group>"; };
		8A67374D1DA032E600418B38 /* TextFieldsDelegate.swift */ = {isa = PBXFileReference; fileEncoding = 4; lastKnownFileType = sourcecode.swift; path = TextFieldsDelegate.swift; sourceTree = "<group>"; };
		8A67374F1DA0347600418B38 /* MainVCExtension.swift */ = {isa = PBXFileReference; fileEncoding = 4; lastKnownFileType = sourcecode.swift; path = MainVCExtension.swift; sourceTree = "<group>"; };
/* End PBXFileReference section */

/* Begin PBXFrameworksBuildPhase section */
		8A1FA5DA1D9F7FC400545AF9 /* Frameworks */ = {
			isa = PBXFrameworksBuildPhase;
			buildActionMask = 2147483647;
			files = (
			);
			runOnlyForDeploymentPostprocessing = 0;
		};
		8A1FA5EE1D9F7FC400545AF9 /* Frameworks */ = {
			isa = PBXFrameworksBuildPhase;
			buildActionMask = 2147483647;
			files = (
			);
			runOnlyForDeploymentPostprocessing = 0;
		};
		8A1FA5F91D9F7FC400545AF9 /* Frameworks */ = {
			isa = PBXFrameworksBuildPhase;
			buildActionMask = 2147483647;
			files = (
			);
			runOnlyForDeploymentPostprocessing = 0;
		};
/* End PBXFrameworksBuildPhase section */

/* Begin PBXGroup section */
		8A1FA5D41D9F7FC400545AF9 = {
			isa = PBXGroup;
			children = (
				8A1FA5DF1D9F7FC400545AF9 /* MemeMe 1.0 The Meme Editor */,
				8A1FA5F41D9F7FC400545AF9 /* MemeMe 1.0 The Meme EditorTests */,
				8A1FA5FF1D9F7FC400545AF9 /* MemeMe 1.0 The Meme EditorUITests */,
				8A1FA5DE1D9F7FC400545AF9 /* Products */,
			);
			sourceTree = "<group>";
		};
		8A1FA5DE1D9F7FC400545AF9 /* Products */ = {
			isa = PBXGroup;
			children = (
				8A1FA5DD1D9F7FC400545AF9 /* MemeMe 1.0 The Meme Editor.app */,
				8A1FA5F11D9F7FC400545AF9 /* MemeMe 1.0 The Meme EditorTests.xctest */,
				8A1FA5FC1D9F7FC400545AF9 /* MemeMe 1.0 The Meme EditorUITests.xctest */,
			);
			name = Products;
			sourceTree = "<group>";
		};
		8A1FA5DF1D9F7FC400545AF9 /* MemeMe 1.0 The Meme Editor */ = {
			isa = PBXGroup;
			children = (
				8A1FA5E01D9F7FC400545AF9 /* AppDelegate.swift */,
				8A1FA5E21D9F7FC400545AF9 /* MainVC.swift */,
				8A67374F1DA0347600418B38 /* MainVCExtension.swift */,
				8A67374B1DA030DD00418B38 /* Meme.swift */,
				8A1FA5E41D9F7FC400545AF9 /* Main.storyboard */,
				8A67374D1DA032E600418B38 /* TextFieldsDelegate.swift */,
				8A1FA5E71D9F7FC400545AF9 /* Assets.xcassets */,
				8A1FA5E91D9F7FC400545AF9 /* LaunchScreen.storyboard */,
				8A1FA5EC1D9F7FC400545AF9 /* Info.plist */,
			);
			path = "MemeMe 1.0 The Meme Editor";
			sourceTree = "<group>";
		};
		8A1FA5F41D9F7FC400545AF9 /* MemeMe 1.0 The Meme EditorTests */ = {
			isa = PBXGroup;
			children = (
				8A1FA5F51D9F7FC400545AF9 /* MemeMe_1_0_The_Meme_EditorTests.swift */,
				8A1FA5F71D9F7FC400545AF9 /* Info.plist */,
			);
			path = "MemeMe 1.0 The Meme EditorTests";
			sourceTree = "<group>";
		};
		8A1FA5FF1D9F7FC400545AF9 /* MemeMe 1.0 The Meme EditorUITests */ = {
			isa = PBXGroup;
			children = (
				8A1FA6001D9F7FC400545AF9 /* MemeMe_1_0_The_Meme_EditorUITests.swift */,
				8A1FA6021D9F7FC400545AF9 /* Info.plist */,
			);
			path = "MemeMe 1.0 The Meme EditorUITests";
			sourceTree = "<group>";
		};
/* End PBXGroup section */

/* Begin PBXNativeTarget section */
		8A1FA5DC1D9F7FC400545AF9 /* MemeMe 1.0 The Meme Editor */ = {
			isa = PBXNativeTarget;
			buildConfigurationList = 8A1FA6051D9F7FC400545AF9 /* Build configuration list for PBXNativeTarget "MemeMe 1.0 The Meme Editor" */;
			buildPhases = (
				8A1FA5D91D9F7FC400545AF9 /* Sources */,
				8A1FA5DA1D9F7FC400545AF9 /* Frameworks */,
				8A1FA5DB1D9F7FC400545AF9 /* Resources */,
			);
			buildRules = (
			);
			dependencies = (
			);
			name = "MemeMe 1.0 The Meme Editor";
			productName = "MemeMe 1.0 The Meme Editor";
			productReference = 8A1FA5DD1D9F7FC400545AF9 /* MemeMe 1.0 The Meme Editor.app */;
			productType = "com.apple.product-type.application";
		};
		8A1FA5F01D9F7FC400545AF9 /* MemeMe 1.0 The Meme EditorTests */ = {
			isa = PBXNativeTarget;
			buildConfigurationList = 8A1FA6081D9F7FC400545AF9 /* Build configuration list for PBXNativeTarget "MemeMe 1.0 The Meme EditorTests" */;
			buildPhases = (
				8A1FA5ED1D9F7FC400545AF9 /* Sources */,
				8A1FA5EE1D9F7FC400545AF9 /* Frameworks */,
				8A1FA5EF1D9F7FC400545AF9 /* Resources */,
			);
			buildRules = (
			);
			dependencies = (
				8A1FA5F31D9F7FC400545AF9 /* PBXTargetDependency */,
			);
			name = "MemeMe 1.0 The Meme EditorTests";
			productName = "MemeMe 1.0 The Meme EditorTests";
			productReference = 8A1FA5F11D9F7FC400545AF9 /* MemeMe 1.0 The Meme EditorTests.xctest */;
			productType = "com.apple.product-type.bundle.unit-test";
		};
		8A1FA5FB1D9F7FC400545AF9 /* MemeMe 1.0 The Meme EditorUITests */ = {
			isa = PBXNativeTarget;
			buildConfigurationList = 8A1FA60B1D9F7FC400545AF9 /* Build configuration list for PBXNativeTarget "MemeMe 1.0 The Meme EditorUITests" */;
			buildPhases = (
				8A1FA5F81D9F7FC400545AF9 /* Sources */,
				8A1FA5F91D9F7FC400545AF9 /* Frameworks */,
				8A1FA5FA1D9F7FC400545AF9 /* Resources */,
			);
			buildRules = (
			);
			dependencies = (
				8A1FA5FE1D9F7FC400545AF9 /* PBXTargetDependency */,
			);
			name = "MemeMe 1.0 The Meme EditorUITests";
			productName = "MemeMe 1.0 The Meme EditorUITests";
			productReference = 8A1FA5FC1D9F7FC400545AF9 /* MemeMe 1.0 The Meme EditorUITests.xctest */;
			productType = "com.apple.product-type.bundle.ui-testing";
		};
/* End PBXNativeTarget section */

/* Begin PBXProject section */
		8A1FA5D51D9F7FC400545AF9 /* Project object */ = {
			isa = PBXProject;
			attributes = {
				LastSwiftUpdateCheck = 0800;
				LastUpgradeCheck = 0800;
				ORGANIZATIONNAME = Kothapalli;
				TargetAttributes = {
					8A1FA5DC1D9F7FC400545AF9 = {
						CreatedOnToolsVersion = 8.0;
						DevelopmentTeam = J76HZ8P9J7;
						ProvisioningStyle = Automatic;
					};
					8A1FA5F01D9F7FC400545AF9 = {
						CreatedOnToolsVersion = 8.0;
						DevelopmentTeam = J76HZ8P9J7;
						ProvisioningStyle = Automatic;
						TestTargetID = 8A1FA5DC1D9F7FC400545AF9;
					};
					8A1FA5FB1D9F7FC400545AF9 = {
						CreatedOnToolsVersion = 8.0;
						DevelopmentTeam = J76HZ8P9J7;
						ProvisioningStyle = Automatic;
						TestTargetID = 8A1FA5DC1D9F7FC400545AF9;
					};
				};
			};
			buildConfigurationList = 8A1FA5D81D9F7FC400545AF9 /* Build configuration list for PBXProject "MemeMe 1.0 The Meme Editor" */;
			compatibilityVersion = "Xcode 3.2";
			developmentRegion = English;
			hasScannedForEncodings = 0;
			knownRegions = (
				en,
				Base,
			);
			mainGroup = 8A1FA5D41D9F7FC400545AF9;
			productRefGroup = 8A1FA5DE1D9F7FC400545AF9 /* Products */;
			projectDirPath = "";
			projectRoot = "";
			targets = (
				8A1FA5DC1D9F7FC400545AF9 /* MemeMe 1.0 The Meme Editor */,
				8A1FA5F01D9F7FC400545AF9 /* MemeMe 1.0 The Meme EditorTests */,
				8A1FA5FB1D9F7FC400545AF9 /* MemeMe 1.0 The Meme EditorUITests */,
			);
		};
/* End PBXProject section */

/* Begin PBXResourcesBuildPhase section */
		8A1FA5DB1D9F7FC400545AF9 /* Resources */ = {
			isa = PBXResourcesBuildPhase;
			buildActionMask = 2147483647;
			files = (
				8A1FA5EB1D9F7FC400545AF9 /* LaunchScreen.storyboard in Resources */,
				8A1FA5E81D9F7FC400545AF9 /* Assets.xcassets in Resources */,
				8A1FA5E61D9F7FC400545AF9 /* Main.storyboard in Resources */,
			);
			runOnlyForDeploymentPostprocessing = 0;
		};
		8A1FA5EF1D9F7FC400545AF9 /* Resources */ = {
			isa = PBXResourcesBuildPhase;
			buildActionMask = 2147483647;
			files = (
			);
			runOnlyForDeploymentPostprocessing = 0;
		};
		8A1FA5FA1D9F7FC400545AF9 /* Resources */ = {
			isa = PBXResourcesBuildPhase;
			buildActionMask = 2147483647;
			files = (
			);
			runOnlyForDeploymentPostprocessing = 0;
		};
/* End PBXResourcesBuildPhase section */

/* Begin PBXSourcesBuildPhase section */
		8A1FA5D91D9F7FC400545AF9 /* Sources */ = {
			isa = PBXSourcesBuildPhase;
			buildActionMask = 2147483647;
			files = (
				8A67374C1DA030DD00418B38 /* Meme.swift in Sources */,
				8A1FA5E31D9F7FC400545AF9 /* MainVC.swift in Sources */,
				8A67374E1DA032E600418B38 /* TextFieldsDelegate.swift in Sources */,
				8A6737501DA0347600418B38 /* MainVCExtension.swift in Sources */,
				8A1FA5E11D9F7FC400545AF9 /* AppDelegate.swift in Sources */,
			);
			runOnlyForDeploymentPostprocessing = 0;
		};
		8A1FA5ED1D9F7FC400545AF9 /* Sources */ = {
			isa = PBXSourcesBuildPhase;
			buildActionMask = 2147483647;
			files = (
				8A1FA5F61D9F7FC400545AF9 /* MemeMe_1_0_The_Meme_EditorTests.swift in Sources */,
			);
			runOnlyForDeploymentPostprocessing = 0;
		};
		8A1FA5F81D9F7FC400545AF9 /* Sources */ = {
			isa = PBXSourcesBuildPhase;
			buildActionMask = 2147483647;
			files = (
				8A1FA6011D9F7FC400545AF9 /* MemeMe_1_0_The_Meme_EditorUITests.swift in Sources */,
			);
			runOnlyForDeploymentPostprocessing = 0;
		};
/* End PBXSourcesBuildPhase section */

/* Begin PBXTargetDependency section */
		8A1FA5F31D9F7FC400545AF9 /* PBXTargetDependency */ = {
			isa = PBXTargetDependency;
			target = 8A1FA5DC1D9F7FC400545AF9 /* MemeMe 1.0 The Meme Editor */;
			targetProxy = 8A1FA5F21D9F7FC400545AF9 /* PBXContainerItemProxy */;
		};
		8A1FA5FE1D9F7FC400545AF9 /* PBXTargetDependency */ = {
			isa = PBXTargetDependency;
			target = 8A1FA5DC1D9F7FC400545AF9 /* MemeMe 1.0 The Meme Editor */;
			targetProxy = 8A1FA5FD1D9F7FC400545AF9 /* PBXContainerItemProxy */;
		};
/* End PBXTargetDependency section */

/* Begin PBXVariantGroup section */
		8A1FA5E41D9F7FC400545AF9 /* Main.storyboard */ = {
			isa = PBXVariantGroup;
			children = (
				8A1FA5E51D9F7FC400545AF9 /* Base */,
			);
			name = Main.storyboard;
			sourceTree = "<group>";
		};
		8A1FA5E91D9F7FC400545AF9 /* LaunchScreen.storyboard */ = {
			isa = PBXVariantGroup;
			children = (
				8A1FA5EA1D9F7FC400545AF9 /* Base */,
			);
			name = LaunchScreen.storyboard;
			sourceTree = "<group>";
		};
/* End PBXVariantGroup section */

/* Begin XCBuildConfiguration section */
		8A1FA6031D9F7FC400545AF9 /* Debug */ = {
			isa = XCBuildConfiguration;
			buildSettings = {
				ALWAYS_SEARCH_USER_PATHS = NO;
				CLANG_ANALYZER_NONNULL = YES;
				CLANG_CXX_LANGUAGE_STANDARD = "gnu++0x";
				CLANG_CXX_LIBRARY = "libc++";
				CLANG_ENABLE_MODULES = YES;
				CLANG_ENABLE_OBJC_ARC = YES;
				CLANG_WARN_BOOL_CONVERSION = YES;
				CLANG_WARN_CONSTANT_CONVERSION = YES;
				CLANG_WARN_DIRECT_OBJC_ISA_USAGE = YES_ERROR;
				CLANG_WARN_DOCUMENTATION_COMMENTS = YES;
				CLANG_WARN_EMPTY_BODY = YES;
				CLANG_WARN_ENUM_CONVERSION = YES;
				CLANG_WARN_INFINITE_RECURSION = YES;
				CLANG_WARN_INT_CONVERSION = YES;
				CLANG_WARN_OBJC_ROOT_CLASS = YES_ERROR;
				CLANG_WARN_SUSPICIOUS_MOVES = YES;
				CLANG_WARN_UNREACHABLE_CODE = YES;
				CLANG_WARN__DUPLICATE_METHOD_MATCH = YES;
				"CODE_SIGN_IDENTITY[sdk=iphoneos*]" = "iPhone Developer";
				COPY_PHASE_STRIP = NO;
				DEBUG_INFORMATION_FORMAT = dwarf;
				ENABLE_STRICT_OBJC_MSGSEND = YES;
				ENABLE_TESTABILITY = YES;
				GCC_C_LANGUAGE_STANDARD = gnu99;
				GCC_DYNAMIC_NO_PIC = NO;
				GCC_NO_COMMON_BLOCKS = YES;
				GCC_OPTIMIZATION_LEVEL = 0;
				GCC_PREPROCESSOR_DEFINITIONS = (
					"DEBUG=1",
					"$(inherited)",
				);
				GCC_WARN_64_TO_32_BIT_CONVERSION = YES;
				GCC_WARN_ABOUT_RETURN_TYPE = YES_ERROR;
				GCC_WARN_UNDECLARED_SELECTOR = YES;
				GCC_WARN_UNINITIALIZED_AUTOS = YES_AGGRESSIVE;
				GCC_WARN_UNUSED_FUNCTION = YES;
				GCC_WARN_UNUSED_VARIABLE = YES;
				IPHONEOS_DEPLOYMENT_TARGET = 10.0;
				MTL_ENABLE_DEBUG_INFO = YES;
				ONLY_ACTIVE_ARCH = YES;
				SDKROOT = iphoneos;
				SWIFT_ACTIVE_COMPILATION_CONDITIONS = DEBUG;
				SWIFT_OPTIMIZATION_LEVEL = "-Onone";
				TARGETED_DEVICE_FAMILY = "1,2";
			};
			name = Debug;
		};
		8A1FA6041D9F7FC400545AF9 /* Release */ = {
			isa = XCBuildConfiguration;
			buildSettings = {
				ALWAYS_SEARCH_USER_PATHS = NO;
				CLANG_ANALYZER_NONNULL = YES;
				CLANG_CXX_LANGUAGE_STANDARD = "gnu++0x";
				CLANG_CXX_LIBRARY = "libc++";
				CLANG_ENABLE_MODULES = YES;
				CLANG_ENABLE_OBJC_ARC = YES;
				CLANG_WARN_BOOL_CONVERSION = YES;
				CLANG_WARN_CONSTANT_CONVERSION = YES;
				CLANG_WARN_DIRECT_OBJC_ISA_USAGE = YES_ERROR;
				CLANG_WARN_DOCUMENTATION_COMMENTS = YES;
				CLANG_WARN_EMPTY_BODY = YES;
				CLANG_WARN_ENUM_CONVERSION = YES;
				CLANG_WARN_INFINITE_RECURSION = YES;
				CLANG_WARN_INT_CONVERSION = YES;
				CLANG_WARN_OBJC_ROOT_CLASS = YES_ERROR;
				CLANG_WARN_SUSPICIOUS_MOVES = YES;
				CLANG_WARN_UNREACHABLE_CODE = YES;
				CLANG_WARN__DUPLICATE_METHOD_MATCH = YES;
				"CODE_SIGN_IDENTITY[sdk=iphoneos*]" = "iPhone Developer";
				COPY_PHASE_STRIP = NO;
				DEBUG_INFORMATION_FORMAT = "dwarf-with-dsym";
				ENABLE_NS_ASSERTIONS = NO;
				ENABLE_STRICT_OBJC_MSGSEND = YES;
				GCC_C_LANGUAGE_STANDARD = gnu99;
				GCC_NO_COMMON_BLOCKS = YES;
				GCC_WARN_64_TO_32_BIT_CONVERSION = YES;
				GCC_WARN_ABOUT_RETURN_TYPE = YES_ERROR;
				GCC_WARN_UNDECLARED_SELECTOR = YES;
				GCC_WARN_UNINITIALIZED_AUTOS = YES_AGGRESSIVE;
				GCC_WARN_UNUSED_FUNCTION = YES;
				GCC_WARN_UNUSED_VARIABLE = YES;
				IPHONEOS_DEPLOYMENT_TARGET = 10.0;
				MTL_ENABLE_DEBUG_INFO = NO;
				SDKROOT = iphoneos;
				SWIFT_OPTIMIZATION_LEVEL = "-Owholemodule";
				TARGETED_DEVICE_FAMILY = "1,2";
				VALIDATE_PRODUCT = YES;
			};
			name = Release;
		};
		8A1FA6061D9F7FC400545AF9 /* Debug */ = {
			isa = XCBuildConfiguration;
			buildSettings = {
				ASSETCATALOG_COMPILER_APPICON_NAME = AppIcon;
				DEVELOPMENT_TEAM = J76HZ8P9J7;
				INFOPLIST_FILE = "MemeMe 1.0 The Meme Editor/Info.plist";
				LD_RUNPATH_SEARCH_PATHS = "$(inherited) @executable_path/Frameworks";
				PRODUCT_BUNDLE_IDENTIFIER = "com.shashank.MemeMe-1-0-The-Meme-Editor";
				PRODUCT_NAME = "$(TARGET_NAME)";
				SWIFT_VERSION = 3.0;
			};
			name = Debug;
		};
		8A1FA6071D9F7FC400545AF9 /* Release */ = {
			isa = XCBuildConfiguration;
			buildSettings = {
				ASSETCATALOG_COMPILER_APPICON_NAME = AppIcon;
				DEVELOPMENT_TEAM = J76HZ8P9J7;
				INFOPLIST_FILE = "MemeMe 1.0 The Meme Editor/Info.plist";
				LD_RUNPATH_SEARCH_PATHS = "$(inherited) @executable_path/Frameworks";
				PRODUCT_BUNDLE_IDENTIFIER = "com.shashank.MemeMe-1-0-The-Meme-Editor";
				PRODUCT_NAME = "$(TARGET_NAME)";
				SWIFT_VERSION = 3.0;
			};
			name = Release;
		};
		8A1FA6091D9F7FC400545AF9 /* Debug */ = {
			isa = XCBuildConfiguration;
			buildSettings = {
				ALWAYS_EMBED_SWIFT_STANDARD_LIBRARIES = YES;
				BUNDLE_LOADER = "$(TEST_HOST)";
				DEVELOPMENT_TEAM = J76HZ8P9J7;
				INFOPLIST_FILE = "MemeMe 1.0 The Meme EditorTests/Info.plist";
				LD_RUNPATH_SEARCH_PATHS = "$(inherited) @executable_path/Frameworks @loader_path/Frameworks";
				PRODUCT_BUNDLE_IDENTIFIER = "com.shashank.MemeMe-1-0-The-Meme-EditorTests";
				PRODUCT_NAME = "$(TARGET_NAME)";
				SWIFT_VERSION = 3.0;
				TEST_HOST = "$(BUILT_PRODUCTS_DIR)/MemeMe 1.0 The Meme Editor.app/MemeMe 1.0 The Meme Editor";
			};
			name = Debug;
		};
		8A1FA60A1D9F7FC400545AF9 /* Release */ = {
			isa = XCBuildConfiguration;
			buildSettings = {
				ALWAYS_EMBED_SWIFT_STANDARD_LIBRARIES = YES;
				BUNDLE_LOADER = "$(TEST_HOST)";
				DEVELOPMENT_TEAM = J76HZ8P9J7;
				INFOPLIST_FILE = "MemeMe 1.0 The Meme EditorTests/Info.plist";
				LD_RUNPATH_SEARCH_PATHS = "$(inherited) @executable_path/Frameworks @loader_path/Frameworks";
				PRODUCT_BUNDLE_IDENTIFIER = "com.shashank.MemeMe-1-0-The-Meme-EditorTests";
				PRODUCT_NAME = "$(TARGET_NAME)";
				SWIFT_VERSION = 3.0;
				TEST_HOST = "$(BUILT_PRODUCTS_DIR)/MemeMe 1.0 The Meme Editor.app/MemeMe 1.0 The Meme Editor";
			};
			name = Release;
		};
		8A1FA60C1D9F7FC400545AF9 /* Debug */ = {
			isa = XCBuildConfiguration;
			buildSettings = {
				ALWAYS_EMBED_SWIFT_STANDARD_LIBRARIES = YES;
				DEVELOPMENT_TEAM = J76HZ8P9J7;
				INFOPLIST_FILE = "MemeMe 1.0 The Meme EditorUITests/Info.plist";
				LD_RUNPATH_SEARCH_PATHS = "$(inherited) @executable_path/Frameworks @loader_path/Frameworks";
				PRODUCT_BUNDLE_IDENTIFIER = "com.shashank.MemeMe-1-0-The-Meme-EditorUITests";
				PRODUCT_NAME = "$(TARGET_NAME)";
				SWIFT_VERSION = 3.0;
				TEST_TARGET_NAME = "MemeMe 1.0 The Meme Editor";
			};
			name = Debug;
		};
		8A1FA60D1D9F7FC400545AF9 /* Release */ = {
			isa = XCBuildConfiguration;
			buildSettings = {
				ALWAYS_EMBED_SWIFT_STANDARD_LIBRARIES = YES;
				DEVELOPMENT_TEAM = J76HZ8P9J7;
				INFOPLIST_FILE = "MemeMe 1.0 The Meme EditorUITests/Info.plist";
				LD_RUNPATH_SEARCH_PATHS = "$(inherited) @executable_path/Frameworks @loader_path/Frameworks";
				PRODUCT_BUNDLE_IDENTIFIER = "com.shashank.MemeMe-1-0-The-Meme-EditorUITests";
				PRODUCT_NAME = "$(TARGET_NAME)";
				SWIFT_VERSION = 3.0;
				TEST_TARGET_NAME = "MemeMe 1.0 The Meme Editor";
			};
			name = Release;
		};
/* End XCBuildConfiguration section */

/* Begin XCConfigurationList section */
		8A1FA5D81D9F7FC400545AF9 /* Build configuration list for PBXProject "MemeMe 1.0 The Meme Editor" */ = {
			isa = XCConfigurationList;
			buildConfigurations = (
				8A1FA6031D9F7FC400545AF9 /* Debug */,
				8A1FA6041D9F7FC400545AF9 /* Release */,
			);
			defaultConfigurationIsVisible = 0;
			defaultConfigurationName = Release;
		};
		8A1FA6051D9F7FC400545AF9 /* Build configuration list for PBXNativeTarget "MemeMe 1.0 The Meme Editor" */ = {
			isa = XCConfigurationList;
			buildConfigurations = (
				8A1FA6061D9F7FC400545AF9 /* Debug */,
				8A1FA6071D9F7FC400545AF9 /* Release */,
			);
			defaultConfigurationIsVisible = 0;
			defaultConfigurationName = Release;
		};
		8A1FA6081D9F7FC400545AF9 /* Build configuration list for PBXNativeTarget "MemeMe 1.0 The Meme EditorTests" */ = {
			isa = XCConfigurationList;
			buildConfigurations = (
				8A1FA6091D9F7FC400545AF9 /* Debug */,
				8A1FA60A1D9F7FC400545AF9 /* Release */,
			);
			defaultConfigurationIsVisible = 0;
			defaultConfigurationName = Release;
		};
		8A1FA60B1D9F7FC400545AF9 /* Build configuration list for PBXNativeTarget "MemeMe 1.0 The Meme EditorUITests" */ = {
			isa = XCConfigurationList;
			buildConfigurations = (
				8A1FA60C1D9F7FC400545AF9 /* Debug */,
				8A1FA60D1D9F7FC400545AF9 /* Release */,
			);
			defaultConfigurationIsVisible = 0;
			defaultConfigurationName = Release;
		};
/* End XCConfigurationList section */
	};
	rootObject = 8A1FA5D51D9F7FC400545AF9 /* Project object */;
}
